
Microsoft Visual Studio Solution File, Format Version 12.00
# Visual Studio Version 16
VisualStudioVersion = 16.0.32228.343
MinimumVisualStudioVersion = 10.0.40219.1
Project("{9A19103F-16F7-4668-BE54-9A1E7A4F7556}") = "SEDC.Oop.Class06.Task2", "SEDC.Oop.Class06.Task2\SEDC.Oop.Class06.Task2.csproj", "{F7538AD5-4C13-4679-8F69-DBB432D91BFF}"
EndProject
Project("{FAE04EC0-301F-11D3-BF4B-00C04F79EFBC}") = "SEDC.Oop.Class06.Task3", "SEDC.Oop.Class06.Task3\SEDC.Oop.Class06.Task3.csproj", "{D5733CE9-1DE7-431C-B2CE-9C4A672E5D7F}"
EndProject
Global
	GlobalSection(SolutionConfigurationPlatforms) = preSolution
		Debug|Any CPU = Debug|Any CPU
		Release|Any CPU = Release|Any CPU
	EndGlobalSection
	GlobalSection(ProjectConfigurationPlatforms) = postSolution
		{F7538AD5-4C13-4679-8F69-DBB432D91BFF}.Debug|Any CPU.ActiveCfg = Debug|Any CPU
		{F7538AD5-4C13-4679-8F69-DBB432D91BFF}.Debug|Any CPU.Build.0 = Debug|Any CPU
		{F7538AD5-4C13-4679-8F69-DBB432D91BFF}.Release|Any CPU.ActiveCfg = Release|Any CPU
		{F7538AD5-4C13-4679-8F69-DBB432D91BFF}.Release|Any CPU.Build.0 = Release|Any CPU
		{D5733CE9-1DE7-431C-B2CE-9C4A672E5D7F}.Debug|Any CPU.ActiveCfg = Debug|Any CPU
		{D5733CE9-1DE7-431C-B2CE-9C4A672E5D7F}.Debug|Any CPU.Build.0 = Debug|Any CPU
		{D5733CE9-1DE7-431C-B2CE-9C4A672E5D7F}.Release|Any CPU.ActiveCfg = Release|Any CPU
		{D5733CE9-1DE7-431C-B2CE-9C4A672E5D7F}.Release|Any CPU.Build.0 = Release|Any CPU
	EndGlobalSection
	GlobalSection(SolutionProperties) = preSolution
		HideSolutionNode = FALSE
	EndGlobalSection
	GlobalSection(ExtensibilityGlobals) = postSolution
		SolutionGuid = {7812D81B-10DE-498E-9671-4AD1AD2B3E6A}
	EndGlobalSection
EndGlobal
