
Microsoft Visual Studio Solution File, Format Version 12.00
# Visual Studio Version 16
VisualStudioVersion = 16.0.32126.315
MinimumVisualStudioVersion = 10.0.40219.1
Project("{FAE04EC0-301F-11D3-BF4B-00C04F79EFBC}") = "SEDC.Templates.Class01.App", "SEDC.Templates.Class01.App\SEDC.Templates.Class01.App.csproj", "{98674370-CBF9-4934-A4A6-FCD9629EB069}"
EndProject
Global
	GlobalSection(SolutionConfigurationPlatforms) = preSolution
		Debug|Any CPU = Debug|Any CPU
		Release|Any CPU = Release|Any CPU
	EndGlobalSection
	GlobalSection(ProjectConfigurationPlatforms) = postSolution
		{98674370-CBF9-4934-A4A6-FCD9629EB069}.Debug|Any CPU.ActiveCfg = Debug|Any CPU
		{98674370-CBF9-4934-A4A6-FCD9629EB069}.Debug|Any CPU.Build.0 = Debug|Any CPU
		{98674370-CBF9-4934-A4A6-FCD9629EB069}.Release|Any CPU.ActiveCfg = Release|Any CPU
		{98674370-CBF9-4934-A4A6-FCD9629EB069}.Release|Any CPU.Build.0 = Release|Any CPU
	EndGlobalSection
	GlobalSection(SolutionProperties) = preSolution
		HideSolutionNode = FALSE
	EndGlobalSection
	GlobalSection(ExtensibilityGlobals) = postSolution
		SolutionGuid = {C7910238-8A3E-4E33-956A-70FDC4875CA4}
	EndGlobalSection
EndGlobal
