
Microsoft Visual Studio Solution File, Format Version 12.00
# Visual Studio Version 16
VisualStudioVersion = 16.0.32126.315
MinimumVisualStudioVersion = 10.0.40219.1
Project("{FAE04EC0-301F-11D3-BF4B-00C04F79EFBC}") = "SEDC.Oop.Class09.ErrorHandling", "SEDC.Oop.Class09.ErrorHandling\SEDC.Oop.Class09.ErrorHandling.csproj", "{152AE465-2192-4DE6-8EBE-C9234F384886}"
EndProject
Project("{FAE04EC0-301F-11D3-BF4B-00C04F79EFBC}") = "SEDC.Oop.Class09.Exercise", "SEDC.Oop.Class09.Exercise\SEDC.Oop.Class09.Exercise.csproj", "{DB61F01F-19DF-4A9F-8D24-7FB4A49A9B22}"
EndProject
Global
	GlobalSection(SolutionConfigurationPlatforms) = preSolution
		Debug|Any CPU = Debug|Any CPU
		Release|Any CPU = Release|Any CPU
	EndGlobalSection
	GlobalSection(ProjectConfigurationPlatforms) = postSolution
		{152AE465-2192-4DE6-8EBE-C9234F384886}.Debug|Any CPU.ActiveCfg = Debug|Any CPU
		{152AE465-2192-4DE6-8EBE-C9234F384886}.Debug|Any CPU.Build.0 = Debug|Any CPU
		{152AE465-2192-4DE6-8EBE-C9234F384886}.Release|Any CPU.ActiveCfg = Release|Any CPU
		{152AE465-2192-4DE6-8EBE-C9234F384886}.Release|Any CPU.Build.0 = Release|Any CPU
		{DB61F01F-19DF-4A9F-8D24-7FB4A49A9B22}.Debug|Any CPU.ActiveCfg = Debug|Any CPU
		{DB61F01F-19DF-4A9F-8D24-7FB4A49A9B22}.Debug|Any CPU.Build.0 = Debug|Any CPU
		{DB61F01F-19DF-4A9F-8D24-7FB4A49A9B22}.Release|Any CPU.ActiveCfg = Release|Any CPU
		{DB61F01F-19DF-4A9F-8D24-7FB4A49A9B22}.Release|Any CPU.Build.0 = Release|Any CPU
	EndGlobalSection
	GlobalSection(SolutionProperties) = preSolution
		HideSolutionNode = FALSE
	EndGlobalSection
	GlobalSection(ExtensibilityGlobals) = postSolution
		SolutionGuid = {55C914CB-4EEA-4027-8208-DB234CA09E3F}
	EndGlobalSection
EndGlobal
