
Microsoft Visual Studio Solution File, Format Version 12.00
# Visual Studio Version 16
VisualStudioVersion = 16.0.32126.315
MinimumVisualStudioVersion = 10.0.40219.1
Project("{FAE04EC0-301F-11D3-BF4B-00C04F79EFBC}") = "SEDC.Oop.class02.Variables", "SEDC.Oop.class02.Variables\SEDC.Oop.class02.Variables.csproj", "{49F32445-1D76-4C18-8614-6B74D289E165}"
EndProject
Global
	GlobalSection(SolutionConfigurationPlatforms) = preSolution
		Debug|Any CPU = Debug|Any CPU
		Release|Any CPU = Release|Any CPU
	EndGlobalSection
	GlobalSection(ProjectConfigurationPlatforms) = postSolution
		{49F32445-1D76-4C18-8614-6B74D289E165}.Debug|Any CPU.ActiveCfg = Debug|Any CPU
		{49F32445-1D76-4C18-8614-6B74D289E165}.Debug|Any CPU.Build.0 = Debug|Any CPU
		{49F32445-1D76-4C18-8614-6B74D289E165}.Release|Any CPU.ActiveCfg = Release|Any CPU
		{49F32445-1D76-4C18-8614-6B74D289E165}.Release|Any CPU.Build.0 = Release|Any CPU
	EndGlobalSection
	GlobalSection(SolutionProperties) = preSolution
		HideSolutionNode = FALSE
	EndGlobalSection
	GlobalSection(ExtensibilityGlobals) = postSolution
		SolutionGuid = {509DEAB8-EB6D-4160-875D-10A209CDFE6D}
	EndGlobalSection
EndGlobal
