
Microsoft Visual Studio Solution File, Format Version 12.00
# Visual Studio Version 16
VisualStudioVersion = 16.0.32126.315
MinimumVisualStudioVersion = 10.0.40219.1
Project("{FAE04EC0-301F-11D3-BF4B-00C04F79EFBC}") = "SEDC.Oop.class03.loops", "SEDC.Oop.class03.loops\SEDC.Oop.class03.loops.csproj", "{D1DAD60E-067B-414F-9A24-72C8F06E17C3}"
EndProject
Project("{FAE04EC0-301F-11D3-BF4B-00C04F79EFBC}") = "SEDC.Oop.class03.Exercises", "SEDC.Oop.class03.Exercises\SEDC.Oop.class03.Exercises.csproj", "{CA6C5B3B-3C4D-4173-B404-F37DFB2CF093}"
EndProject
Project("{FAE04EC0-301F-11D3-BF4B-00C04F79EFBC}") = "SEDC.Oop.class03.Fizz", "SEDC.Oop.class03.Fizz\SEDC.Oop.class03.Fizz.csproj", "{39B65E56-DAA2-49D2-81F9-F7DDA12831F0}"
EndProject
Project("{FAE04EC0-301F-11D3-BF4B-00C04F79EFBC}") = "SEDC.Oop.class03.Arrays", "SEDC.Oop.class03.Arrays\SEDC.Oop.class03.Arrays.csproj", "{DFAB80A6-1593-42F3-86A7-F894CB01FF8A}"
EndProject
Project("{FAE04EC0-301F-11D3-BF4B-00C04F79EFBC}") = "SEDC.Oop.class03.Array.Exercise", "SEDC.Oop.class03.Array.Exercise\SEDC.Oop.class03.Array.Exercise.csproj", "{17BA78E4-9875-4696-8E46-900998673D8B}"
EndProject
Global
	GlobalSection(SolutionConfigurationPlatforms) = preSolution
		Debug|Any CPU = Debug|Any CPU
		Release|Any CPU = Release|Any CPU
	EndGlobalSection
	GlobalSection(ProjectConfigurationPlatforms) = postSolution
		{D1DAD60E-067B-414F-9A24-72C8F06E17C3}.Debug|Any CPU.ActiveCfg = Debug|Any CPU
		{D1DAD60E-067B-414F-9A24-72C8F06E17C3}.Debug|Any CPU.Build.0 = Debug|Any CPU
		{D1DAD60E-067B-414F-9A24-72C8F06E17C3}.Release|Any CPU.ActiveCfg = Release|Any CPU
		{D1DAD60E-067B-414F-9A24-72C8F06E17C3}.Release|Any CPU.Build.0 = Release|Any CPU
		{CA6C5B3B-3C4D-4173-B404-F37DFB2CF093}.Debug|Any CPU.ActiveCfg = Debug|Any CPU
		{CA6C5B3B-3C4D-4173-B404-F37DFB2CF093}.Debug|Any CPU.Build.0 = Debug|Any CPU
		{CA6C5B3B-3C4D-4173-B404-F37DFB2CF093}.Release|Any CPU.ActiveCfg = Release|Any CPU
		{CA6C5B3B-3C4D-4173-B404-F37DFB2CF093}.Release|Any CPU.Build.0 = Release|Any CPU
		{39B65E56-DAA2-49D2-81F9-F7DDA12831F0}.Debug|Any CPU.ActiveCfg = Debug|Any CPU
		{39B65E56-DAA2-49D2-81F9-F7DDA12831F0}.Debug|Any CPU.Build.0 = Debug|Any CPU
		{39B65E56-DAA2-49D2-81F9-F7DDA12831F0}.Release|Any CPU.ActiveCfg = Release|Any CPU
		{39B65E56-DAA2-49D2-81F9-F7DDA12831F0}.Release|Any CPU.Build.0 = Release|Any CPU
		{DFAB80A6-1593-42F3-86A7-F894CB01FF8A}.Debug|Any CPU.ActiveCfg = Debug|Any CPU
		{DFAB80A6-1593-42F3-86A7-F894CB01FF8A}.Debug|Any CPU.Build.0 = Debug|Any CPU
		{DFAB80A6-1593-42F3-86A7-F894CB01FF8A}.Release|Any CPU.ActiveCfg = Release|Any CPU
		{DFAB80A6-1593-42F3-86A7-F894CB01FF8A}.Release|Any CPU.Build.0 = Release|Any CPU
		{17BA78E4-9875-4696-8E46-900998673D8B}.Debug|Any CPU.ActiveCfg = Debug|Any CPU
		{17BA78E4-9875-4696-8E46-900998673D8B}.Debug|Any CPU.Build.0 = Debug|Any CPU
		{17BA78E4-9875-4696-8E46-900998673D8B}.Release|Any CPU.ActiveCfg = Release|Any CPU
		{17BA78E4-9875-4696-8E46-900998673D8B}.Release|Any CPU.Build.0 = Release|Any CPU
	EndGlobalSection
	GlobalSection(SolutionProperties) = preSolution
		HideSolutionNode = FALSE
	EndGlobalSection
	GlobalSection(ExtensibilityGlobals) = postSolution
		SolutionGuid = {E220196E-6F0B-42AA-9569-3C2DFFBEA2F9}
	EndGlobalSection
EndGlobal
